// !$*UTF8*$!
{
	archiveVersion = 1;
	classes = {
	};
	objectVersion = 56;
	objects = {

/* Begin PBXBuildFile section */
		5E8DECC8B983E44079FBDFAA /* Pods_ClockUp.framework in Frameworks */ = {isa = PBXBuildFile; fileRef = DB054E4220695B0A0F9AC47E /* Pods_ClockUp.framework */; };
		CF5A08052C14C036008B9BC2 /* ActionListViewController.swift in Sources */ = {isa = PBXBuildFile; fileRef = CF5A08042C14C036008B9BC2 /* ActionListViewController.swift */; };
		CFAD81C22C15F12E00DD7880 /* SettingsViewController.swift in Sources */ = {isa = PBXBuildFile; fileRef = CFAD81C12C15F12E00DD7880 /* SettingsViewController.swift */; };
		CFCFBD692C08D7D200FAD315 /* AppDelegate.swift in Sources */ = {isa = PBXBuildFile; fileRef = CFCFBD682C08D7D200FAD315 /* AppDelegate.swift */; };
		CFCFBD6B2C08D7D200FAD315 /* SceneDelegate.swift in Sources */ = {isa = PBXBuildFile; fileRef = CFCFBD6A2C08D7D200FAD315 /* SceneDelegate.swift */; };
		CFCFBD6D2C08D7D200FAD315 /* ViewController.swift in Sources */ = {isa = PBXBuildFile; fileRef = CFCFBD6C2C08D7D200FAD315 /* ViewController.swift */; };
		CFCFBD702C08D7D200FAD315 /* Base in Resources */ = {isa = PBXBuildFile; fileRef = CFCFBD6F2C08D7D200FAD315 /* Base */; };
		CFCFBD722C08D7D400FAD315 /* Assets.xcassets in Resources */ = {isa = PBXBuildFile; fileRef = CFCFBD712C08D7D400FAD315 /* Assets.xcassets */; };
		CFCFBD752C08D7D400FAD315 /* Base in Resources */ = {isa = PBXBuildFile; fileRef = CFCFBD742C08D7D400FAD315 /* Base */; };
		CFCFBD802C0A29E300FAD315 /* MainActionViewController.swift in Sources */ = {isa = PBXBuildFile; fileRef = CFCFBD7F2C0A29E300FAD315 /* MainActionViewController.swift */; };
/* End PBXBuildFile section */

/* Begin PBXFileReference section */
		47262D30F04303AC91140799 /* Pods-ClockUp.release.xcconfig */ = {isa = PBXFileReference; includeInIndex = 1; lastKnownFileType = text.xcconfig; name = "Pods-ClockUp.release.xcconfig"; path = "Target Support Files/Pods-ClockUp/Pods-ClockUp.release.xcconfig"; sourceTree = "<group>"; };
		9ACE53DBB855F86DAA8777EA /* Pods-ClockUp.debug.xcconfig */ = {isa = PBXFileReference; includeInIndex = 1; lastKnownFileType = text.xcconfig; name = "Pods-ClockUp.debug.xcconfig"; path = "Target Support Files/Pods-ClockUp/Pods-ClockUp.debug.xcconfig"; sourceTree = "<group>"; };
		CF5A08042C14C036008B9BC2 /* ActionListViewController.swift */ = {isa = PBXFileReference; lastKnownFileType = sourcecode.swift; path = ActionListViewController.swift; sourceTree = "<group>"; };
		CFAD81C12C15F12E00DD7880 /* SettingsViewController.swift */ = {isa = PBXFileReference; lastKnownFileType = sourcecode.swift; path = SettingsViewController.swift; sourceTree = "<group>"; };
		CFCFBD652C08D7D200FAD315 /* ClockUp.app */ = {isa = PBXFileReference; explicitFileType = wrapper.application; includeInIndex = 0; path = ClockUp.app; sourceTree = BUILT_PRODUCTS_DIR; };
		CFCFBD682C08D7D200FAD315 /* AppDelegate.swift */ = {isa = PBXFileReference; lastKnownFileType = sourcecode.swift; path = AppDelegate.swift; sourceTree = "<group>"; };
		CFCFBD6A2C08D7D200FAD315 /* SceneDelegate.swift */ = {isa = PBXFileReference; lastKnownFileType = sourcecode.swift; path = SceneDelegate.swift; sourceTree = "<group>"; };
		CFCFBD6C2C08D7D200FAD315 /* ViewController.swift */ = {isa = PBXFileReference; lastKnownFileType = sourcecode.swift; path = ViewController.swift; sourceTree = "<group>"; };
		CFCFBD6F2C08D7D200FAD315 /* Base */ = {isa = PBXFileReference; lastKnownFileType = file.storyboard; name = Base; path = Base.lproj/Main.storyboard; sourceTree = "<group>"; };
		CFCFBD712C08D7D400FAD315 /* Assets.xcassets */ = {isa = PBXFileReference; lastKnownFileType = folder.assetcatalog; path = Assets.xcassets; sourceTree = "<group>"; };
		CFCFBD742C08D7D400FAD315 /* Base */ = {isa = PBXFileReference; lastKnownFileType = file.storyboard; name = Base; path = Base.lproj/LaunchScreen.storyboard; sourceTree = "<group>"; };
		CFCFBD762C08D7D400FAD315 /* Info.plist */ = {isa = PBXFileReference; lastKnownFileType = text.plist.xml; path = Info.plist; sourceTree = "<group>"; };
		CFCFBD7F2C0A29E300FAD315 /* MainActionViewController.swift */ = {isa = PBXFileReference; lastKnownFileType = sourcecode.swift; path = MainActionViewController.swift; sourceTree = "<group>"; };
		DB054E4220695B0A0F9AC47E /* Pods_ClockUp.framework */ = {isa = PBXFileReference; explicitFileType = wrapper.framework; includeInIndex = 0; path = Pods_ClockUp.framework; sourceTree = BUILT_PRODUCTS_DIR; };
/* End PBXFileReference section */

/* Begin PBXFrameworksBuildPhase section */
		CFCFBD622C08D7D200FAD315 /* Frameworks */ = {
			isa = PBXFrameworksBuildPhase;
			buildActionMask = 2147483647;
			files = (
				5E8DECC8B983E44079FBDFAA /* Pods_ClockUp.framework in Frameworks */,
			);
			runOnlyForDeploymentPostprocessing = 0;
		};
/* End PBXFrameworksBuildPhase section */

/* Begin PBXGroup section */
		5FCB361700CACFCAC33A3B82 /* Frameworks */ = {
			isa = PBXGroup;
			children = (
				DB054E4220695B0A0F9AC47E /* Pods_ClockUp.framework */,
			);
			name = Frameworks;
			sourceTree = "<group>";
		};
		ABF830C84EE3028F0FACB4F2 /* Pods */ = {
			isa = PBXGroup;
			children = (
				9ACE53DBB855F86DAA8777EA /* Pods-ClockUp.debug.xcconfig */,
				47262D30F04303AC91140799 /* Pods-ClockUp.release.xcconfig */,
			);
			path = Pods;
			sourceTree = "<group>";
		};
		CFCFBD5C2C08D7D200FAD315 = {
			isa = PBXGroup;
			children = (
				CFCFBD672C08D7D200FAD315 /* ClockUp */,
				CFCFBD662C08D7D200FAD315 /* Products */,
				ABF830C84EE3028F0FACB4F2 /* Pods */,
				5FCB361700CACFCAC33A3B82 /* Frameworks */,
			);
			sourceTree = "<group>";
		};
		CFCFBD662C08D7D200FAD315 /* Products */ = {
			isa = PBXGroup;
			children = (
				CFCFBD652C08D7D200FAD315 /* ClockUp.app */,
			);
			name = Products;
			sourceTree = "<group>";
		};
		CFCFBD672C08D7D200FAD315 /* ClockUp */ = {
			isa = PBXGroup;
			children = (
				CFCFBD7E2C08D88D00FAD315 /* controller */,
				CFCFBD7D2C08D88800FAD315 /* views */,
				CFCFBD7C2C08D88100FAD315 /* models */,
				CFCFBD682C08D7D200FAD315 /* AppDelegate.swift */,
				CFCFBD6A2C08D7D200FAD315 /* SceneDelegate.swift */,
				CFCFBD6C2C08D7D200FAD315 /* ViewController.swift */,
				CFCFBD712C08D7D400FAD315 /* Assets.xcassets */,
				CFCFBD732C08D7D400FAD315 /* LaunchScreen.storyboard */,
				CFCFBD762C08D7D400FAD315 /* Info.plist */,
			);
			path = ClockUp;
			sourceTree = "<group>";
		};
		CFCFBD7C2C08D88100FAD315 /* models */ = {
			isa = PBXGroup;
			children = (
			);
			name = models;
			sourceTree = "<group>";
		};
		CFCFBD7D2C08D88800FAD315 /* views */ = {
			isa = PBXGroup;
			children = (
				CFCFBD6E2C08D7D200FAD315 /* Main.storyboard */,
			);
			path = views;
			sourceTree = "<group>";
		};
		CFCFBD7E2C08D88D00FAD315 /* controller */ = {
			isa = PBXGroup;
			children = (
				CFCFBD7F2C0A29E300FAD315 /* MainActionViewController.swift */,
				CF5A08042C14C036008B9BC2 /* ActionListViewController.swift */,
				CFAD81C12C15F12E00DD7880 /* SettingsViewController.swift */,
			);
			name = controller;
			sourceTree = "<group>";
		};
/* End PBXGroup section */

/* Begin PBXNativeTarget section */
		CFCFBD642C08D7D200FAD315 /* ClockUp */ = {
			isa = PBXNativeTarget;
			buildConfigurationList = CFCFBD792C08D7D400FAD315 /* Build configuration list for PBXNativeTarget "ClockUp" */;
			buildPhases = (
				AC32CD997EF64E7B6212D7A3 /* [CP] Check Pods Manifest.lock */,
				CFCFBD612C08D7D200FAD315 /* Sources */,
				CFCFBD622C08D7D200FAD315 /* Frameworks */,
				CFCFBD632C08D7D200FAD315 /* Resources */,
				AD3C46892ACEB663E9708023 /* [CP] Embed Pods Frameworks */,
			);
			buildRules = (
			);
			dependencies = (
			);
			name = ClockUp;
			productName = ClockUp;
			productReference = CFCFBD652C08D7D200FAD315 /* ClockUp.app */;
			productType = "com.apple.product-type.application";
		};
/* End PBXNativeTarget section */

/* Begin PBXProject section */
		CFCFBD5D2C08D7D200FAD315 /* Project object */ = {
			isa = PBXProject;
			attributes = {
				BuildIndependentTargetsInParallel = 1;
				LastSwiftUpdateCheck = 1540;
				LastUpgradeCheck = 1540;
				TargetAttributes = {
					CFCFBD642C08D7D200FAD315 = {
						CreatedOnToolsVersion = 15.4;
					};
				};
			};
			buildConfigurationList = CFCFBD602C08D7D200FAD315 /* Build configuration list for PBXProject "ClockUp" */;
			compatibilityVersion = "Xcode 14.0";
			developmentRegion = en;
			hasScannedForEncodings = 0;
			knownRegions = (
				en,
				Base,
			);
			mainGroup = CFCFBD5C2C08D7D200FAD315;
			productRefGroup = CFCFBD662C08D7D200FAD315 /* Products */;
			projectDirPath = "";
			projectRoot = "";
			targets = (
				CFCFBD642C08D7D200FAD315 /* ClockUp */,
			);
		};
/* End PBXProject section */

/* Begin PBXResourcesBuildPhase section */
		CFCFBD632C08D7D200FAD315 /* Resources */ = {
			isa = PBXResourcesBuildPhase;
			buildActionMask = 2147483647;
			files = (
				CFCFBD722C08D7D400FAD315 /* Assets.xcassets in Resources */,
				CFCFBD752C08D7D400FAD315 /* Base in Resources */,
				CFCFBD702C08D7D200FAD315 /* Base in Resources */,
			);
			runOnlyForDeploymentPostprocessing = 0;
		};
/* End PBXResourcesBuildPhase section */

/* Begin PBXShellScriptBuildPhase section */
		AC32CD997EF64E7B6212D7A3 /* [CP] Check Pods Manifest.lock */ = {
			isa = PBXShellScriptBuildPhase;
			buildActionMask = 2147483647;
			files = (
			);
			inputFileListPaths = (
			);
			inputPaths = (
				"${PODS_PODFILE_DIR_PATH}/Podfile.lock",
				"${PODS_ROOT}/Manifest.lock",
			);
			name = "[CP] Check Pods Manifest.lock";
			outputFileListPaths = (
			);
			outputPaths = (
				"$(DERIVED_FILE_DIR)/Pods-ClockUp-checkManifestLockResult.txt",
			);
			runOnlyForDeploymentPostprocessing = 0;
			shellPath = /bin/sh;
			shellScript = "diff \"${PODS_PODFILE_DIR_PATH}/Podfile.lock\" \"${PODS_ROOT}/Manifest.lock\" > /dev/null\nif [ $? != 0 ] ; then\n    # print error to STDERR\n    echo \"error: The sandbox is not in sync with the Podfile.lock. Run 'pod install' or update your CocoaPods installation.\" >&2\n    exit 1\nfi\n# This output is used by Xcode 'outputs' to avoid re-running this script phase.\necho \"SUCCESS\" > \"${SCRIPT_OUTPUT_FILE_0}\"\n";
			showEnvVarsInLog = 0;
		};
		AD3C46892ACEB663E9708023 /* [CP] Embed Pods Frameworks */ = {
			isa = PBXShellScriptBuildPhase;
			buildActionMask = 2147483647;
			files = (
			);
			inputFileListPaths = (
				"${PODS_ROOT}/Target Support Files/Pods-ClockUp/Pods-ClockUp-frameworks-${CONFIGURATION}-input-files.xcfilelist",
			);
			name = "[CP] Embed Pods Frameworks";
			outputFileListPaths = (
				"${PODS_ROOT}/Target Support Files/Pods-ClockUp/Pods-ClockUp-frameworks-${CONFIGURATION}-output-files.xcfilelist",
			);
			runOnlyForDeploymentPostprocessing = 0;
			shellPath = /bin/sh;
			shellScript = "\"${PODS_ROOT}/Target Support Files/Pods-ClockUp/Pods-ClockUp-frameworks.sh\"\n";
			showEnvVarsInLog = 0;
		};
/* End PBXShellScriptBuildPhase section */

/* Begin PBXSourcesBuildPhase section */
		CFCFBD612C08D7D200FAD315 /* Sources */ = {
			isa = PBXSourcesBuildPhase;
			buildActionMask = 2147483647;
			files = (
				CFCFBD6D2C08D7D200FAD315 /* ViewController.swift in Sources */,
				CFCFBD692C08D7D200FAD315 /* AppDelegate.swift in Sources */,
				CF5A08052C14C036008B9BC2 /* ActionListViewController.swift in Sources */,
				CFCFBD6B2C08D7D200FAD315 /* SceneDelegate.swift in Sources */,
				CFCFBD802C0A29E300FAD315 /* MainActionViewController.swift in Sources */,
				CFAD81C22C15F12E00DD7880 /* SettingsViewController.swift in Sources */,
			);
			runOnlyForDeploymentPostprocessing = 0;
		};
/* End PBXSourcesBuildPhase section */

/* Begin PBXVariantGroup section */
		CFCFBD6E2C08D7D200FAD315 /* Main.storyboard */ = {
			isa = PBXVariantGroup;
			children = (
				CFCFBD6F2C08D7D200FAD315 /* Base */,
			);
			name = Main.storyboard;
			sourceTree = "<group>";
		};
		CFCFBD732C08D7D400FAD315 /* LaunchScreen.storyboard */ = {
			isa = PBXVariantGroup;
			children = (
				CFCFBD742C08D7D400FAD315 /* Base */,
			);
			name = LaunchScreen.storyboard;
			sourceTree = "<group>";
		};
/* End PBXVariantGroup section */

/* Begin XCBuildConfiguration section */
		CFCFBD772C08D7D400FAD315 /* Debug */ = {
			isa = XCBuildConfiguration;
			buildSettings = {
				ALWAYS_SEARCH_USER_PATHS = NO;
				ASSETCATALOG_COMPILER_GENERATE_SWIFT_ASSET_SYMBOL_EXTENSIONS = YES;
				CLANG_ANALYZER_NONNULL = YES;
				CLANG_ANALYZER_NUMBER_OBJECT_CONVERSION = YES_AGGRESSIVE;
				CLANG_CXX_LANGUAGE_STANDARD = "gnu++20";
				CLANG_ENABLE_MODULES = YES;
				CLANG_ENABLE_OBJC_ARC = YES;
				CLANG_ENABLE_OBJC_WEAK = YES;
				CLANG_WARN_BLOCK_CAPTURE_AUTORELEASING = YES;
				CLANG_WARN_BOOL_CONVERSION = YES;
				CLANG_WARN_COMMA = YES;
				CLANG_WARN_CONSTANT_CONVERSION = YES;
				CLANG_WARN_DEPRECATED_OBJC_IMPLEMENTATIONS = YES;
				CLANG_WARN_DIRECT_OBJC_ISA_USAGE = YES_ERROR;
				CLANG_WARN_DOCUMENTATION_COMMENTS = YES;
				CLANG_WARN_EMPTY_BODY = YES;
				CLANG_WARN_ENUM_CONVERSION = YES;
				CLANG_WARN_INFINITE_RECURSION = YES;
				CLANG_WARN_INT_CONVERSION = YES;
				CLANG_WARN_NON_LITERAL_NULL_CONVERSION = YES;
				CLANG_WARN_OBJC_IMPLICIT_RETAIN_SELF = YES;
				CLANG_WARN_OBJC_LITERAL_CONVERSION = YES;
				CLANG_WARN_OBJC_ROOT_CLASS = YES_ERROR;
				CLANG_WARN_QUOTED_INCLUDE_IN_FRAMEWORK_HEADER = YES;
				CLANG_WARN_RANGE_LOOP_ANALYSIS = YES;
				CLANG_WARN_STRICT_PROTOTYPES = YES;
				CLANG_WARN_SUSPICIOUS_MOVE = YES;
				CLANG_WARN_UNGUARDED_AVAILABILITY = YES_AGGRESSIVE;
				CLANG_WARN_UNREACHABLE_CODE = YES;
				CLANG_WARN__DUPLICATE_METHOD_MATCH = YES;
				COPY_PHASE_STRIP = NO;
				DEBUG_INFORMATION_FORMAT = dwarf;
				ENABLE_STRICT_OBJC_MSGSEND = YES;
				ENABLE_TESTABILITY = YES;
				ENABLE_USER_SCRIPT_SANDBOXING = YES;
				GCC_C_LANGUAGE_STANDARD = gnu17;
				GCC_DYNAMIC_NO_PIC = NO;
				GCC_NO_COMMON_BLOCKS = YES;
				GCC_OPTIMIZATION_LEVEL = 0;
				GCC_PREPROCESSOR_DEFINITIONS = (
					"DEBUG=1",
					"$(inherited)",
				);
				GCC_WARN_64_TO_32_BIT_CONVERSION = YES;
				GCC_WARN_ABOUT_RETURN_TYPE = YES_ERROR;
				GCC_WARN_UNDECLARED_SELECTOR = YES;
				GCC_WARN_UNINITIALIZED_AUTOS = YES_AGGRESSIVE;
				GCC_WARN_UNUSED_FUNCTION = YES;
				GCC_WARN_UNUSED_VARIABLE = YES;
				IPHONEOS_DEPLOYMENT_TARGET = 17.5;
				LOCALIZATION_PREFERS_STRING_CATALOGS = YES;
				MTL_ENABLE_DEBUG_INFO = INCLUDE_SOURCE;
				MTL_FAST_MATH = YES;
				ONLY_ACTIVE_ARCH = YES;
				SDKROOT = iphoneos;
				SWIFT_ACTIVE_COMPILATION_CONDITIONS = "DEBUG $(inherited)";
				SWIFT_OPTIMIZATION_LEVEL = "-Onone";
			};
			name = Debug;
		};
		CFCFBD782C08D7D400FAD315 /* Release */ = {
			isa = XCBuildConfiguration;
			buildSettings = {
				ALWAYS_SEARCH_USER_PATHS = NO;
				ASSETCATALOG_COMPILER_GENERATE_SWIFT_ASSET_SYMBOL_EXTENSIONS = YES;
				CLANG_ANALYZER_NONNULL = YES;
				CLANG_ANALYZER_NUMBER_OBJECT_CONVERSION = YES_AGGRESSIVE;
				CLANG_CXX_LANGUAGE_STANDARD = "gnu++20";
				CLANG_ENABLE_MODULES = YES;
				CLANG_ENABLE_OBJC_ARC = YES;
				CLANG_ENABLE_OBJC_WEAK = YES;
				CLANG_WARN_BLOCK_CAPTURE_AUTORELEASING = YES;
				CLANG_WARN_BOOL_CONVERSION = YES;
				CLANG_WARN_COMMA = YES;
				CLANG_WARN_CONSTANT_CONVERSION = YES;
				CLANG_WARN_DEPRECATED_OBJC_IMPLEMENTATIONS = YES;
				CLANG_WARN_DIRECT_OBJC_ISA_USAGE = YES_ERROR;
				CLANG_WARN_DOCUMENTATION_COMMENTS = YES;
				CLANG_WARN_EMPTY_BODY = YES;
				CLANG_WARN_ENUM_CONVERSION = YES;
				CLANG_WARN_INFINITE_RECURSION = YES;
				CLANG_WARN_INT_CONVERSION = YES;
				CLANG_WARN_NON_LITERAL_NULL_CONVERSION = YES;
				CLANG_WARN_OBJC_IMPLICIT_RETAIN_SELF = YES;
				CLANG_WARN_OBJC_LITERAL_CONVERSION = YES;
				CLANG_WARN_OBJC_ROOT_CLASS = YES_ERROR;
				CLANG_WARN_QUOTED_INCLUDE_IN_FRAMEWORK_HEADER = YES;
				CLANG_WARN_RANGE_LOOP_ANALYSIS = YES;
				CLANG_WARN_STRICT_PROTOTYPES = YES;
				CLANG_WARN_SUSPICIOUS_MOVE = YES;
				CLANG_WARN_UNGUARDED_AVAILABILITY = YES_AGGRESSIVE;
				CLANG_WARN_UNREACHABLE_CODE = YES;
				CLANG_WARN__DUPLICATE_METHOD_MATCH = YES;
				COPY_PHASE_STRIP = NO;
				DEBUG_INFORMATION_FORMAT = "dwarf-with-dsym";
				ENABLE_NS_ASSERTIONS = NO;
				ENABLE_STRICT_OBJC_MSGSEND = YES;
				ENABLE_USER_SCRIPT_SANDBOXING = YES;
				GCC_C_LANGUAGE_STANDARD = gnu17;
				GCC_NO_COMMON_BLOCKS = YES;
				GCC_WARN_64_TO_32_BIT_CONVERSION = YES;
				GCC_WARN_ABOUT_RETURN_TYPE = YES_ERROR;
				GCC_WARN_UNDECLARED_SELECTOR = YES;
				GCC_WARN_UNINITIALIZED_AUTOS = YES_AGGRESSIVE;
				GCC_WARN_UNUSED_FUNCTION = YES;
				GCC_WARN_UNUSED_VARIABLE = YES;
				IPHONEOS_DEPLOYMENT_TARGET = 17.5;
				LOCALIZATION_PREFERS_STRING_CATALOGS = YES;
				MTL_ENABLE_DEBUG_INFO = NO;
				MTL_FAST_MATH = YES;
				SDKROOT = iphoneos;
				SWIFT_COMPILATION_MODE = wholemodule;
				VALIDATE_PRODUCT = YES;
			};
			name = Release;
		};
		CFCFBD7A2C08D7D400FAD315 /* Debug */ = {
			isa = XCBuildConfiguration;
			baseConfigurationReference = 9ACE53DBB855F86DAA8777EA /* Pods-ClockUp.debug.xcconfig */;
			buildSettings = {
				ASSETCATALOG_COMPILER_APPICON_NAME = AppIcon;
				ASSETCATALOG_COMPILER_GLOBAL_ACCENT_COLOR_NAME = AccentColor;
				CODE_SIGN_STYLE = Automatic;
				CURRENT_PROJECT_VERSION = 1;
				DEVELOPMENT_TEAM = 8883CLR38K;
				ENABLE_USER_SCRIPT_SANDBOXING = NO;
				GENERATE_INFOPLIST_FILE = YES;
				INFOPLIST_FILE = ClockUp/Info.plist;
				INFOPLIST_KEY_UIApplicationSupportsIndirectInputEvents = YES;
				INFOPLIST_KEY_UILaunchStoryboardName = LaunchScreen;
				INFOPLIST_KEY_UIMainStoryboardFile = Main;
				INFOPLIST_KEY_UISupportedInterfaceOrientations_iPad = "UIInterfaceOrientationPortrait UIInterfaceOrientationPortraitUpsideDown UIInterfaceOrientationLandscapeLeft UIInterfaceOrientationLandscapeRight";
				INFOPLIST_KEY_UISupportedInterfaceOrientations_iPhone = "UIInterfaceOrientationPortrait UIInterfaceOrientationLandscapeLeft UIInterfaceOrientationLandscapeRight";
				LD_RUNPATH_SEARCH_PATHS = (
					"$(inherited)",
					"@executable_path/Frameworks",
				);
				MARKETING_VERSION = 1.0;
				PRODUCT_BUNDLE_IDENTIFIER = JasonBurg.ClockUp;
				PRODUCT_NAME = "$(TARGET_NAME)";
				SWIFT_EMIT_LOC_STRINGS = YES;
				SWIFT_VERSION = 5.0;
				TARGETED_DEVICE_FAMILY = "1,2";
			};
			name = Debug;
		};
		CFCFBD7B2C08D7D400FAD315 /* Release */ = {
			isa = XCBuildConfiguration;
			baseConfigurationReference = 47262D30F04303AC91140799 /* Pods-ClockUp.release.xcconfig */;
			buildSettings = {
				ASSETCATALOG_COMPILER_APPICON_NAME = AppIcon;
				ASSETCATALOG_COMPILER_GLOBAL_ACCENT_COLOR_NAME = AccentColor;
				CODE_SIGN_STYLE = Automatic;
				CURRENT_PROJECT_VERSION = 1;
				DEVELOPMENT_TEAM = 8883CLR38K;
				ENABLE_USER_SCRIPT_SANDBOXING = NO;
				GENERATE_INFOPLIST_FILE = YES;
				INFOPLIST_FILE = ClockUp/Info.plist;
				INFOPLIST_KEY_UIApplicationSupportsIndirectInputEvents = YES;
				INFOPLIST_KEY_UILaunchStoryboardName = LaunchScreen;
				INFOPLIST_KEY_UIMainStoryboardFile = Main;
				INFOPLIST_KEY_UISupportedInterfaceOrientations_iPad = "UIInterfaceOrientationPortrait UIInterfaceOrientationPortraitUpsideDown UIInterfaceOrientationLandscapeLeft UIInterfaceOrientationLandscapeRight";
				INFOPLIST_KEY_UISupportedInterfaceOrientations_iPhone = "UIInterfaceOrientationPortrait UIInterfaceOrientationLandscapeLeft UIInterfaceOrientationLandscapeRight";
				LD_RUNPATH_SEARCH_PATHS = (
					"$(inherited)",
					"@executable_path/Frameworks",
				);
				MARKETING_VERSION = 1.0;
				PRODUCT_BUNDLE_IDENTIFIER = JasonBurg.ClockUp;
				PRODUCT_NAME = "$(TARGET_NAME)";
				SWIFT_EMIT_LOC_STRINGS = YES;
				SWIFT_VERSION = 5.0;
				TARGETED_DEVICE_FAMILY = "1,2";
			};
			name = Release;
		};
/* End XCBuildConfiguration section */

/* Begin XCConfigurationList section */
		CFCFBD602C08D7D200FAD315 /* Build configuration list for PBXProject "ClockUp" */ = {
			isa = XCConfigurationList;
			buildConfigurations = (
				CFCFBD772C08D7D400FAD315 /* Debug */,
				CFCFBD782C08D7D400FAD315 /* Release */,
			);
			defaultConfigurationIsVisible = 0;
			defaultConfigurationName = Release;
		};
		CFCFBD792C08D7D400FAD315 /* Build configuration list for PBXNativeTarget "ClockUp" */ = {
			isa = XCConfigurationList;
			buildConfigurations = (
				CFCFBD7A2C08D7D400FAD315 /* Debug */,
				CFCFBD7B2C08D7D400FAD315 /* Release */,
			);
			defaultConfigurationIsVisible = 0;
			defaultConfigurationName = Release;
		};
/* End XCConfigurationList section */
	};
	rootObject = CFCFBD5D2C08D7D200FAD315 /* Project object */;
}
